{
  "name": "codekit-project",
  "version": "1.0.0",
  "lockfileVersion": 1,
  "requires": true,
  "dependencies": {
    "gsap": {
      "version": "file:gsap-bonus.tgz",
      "integrity": "sha512-ojXVAt6SdTIuKC+DYJVcDCjnRKPmu7f+VIOpXT2zmw/d6rYgPk1Fi7vG/YfJbMG7iWart3YBIOUbMx0prVBk9w=="
    }
  }
}
