{
  "name": "codekit-project",
  "version": "1.0.0",
  "lockfileVersion": 1,
  "requires": true,
  "dependencies": {
    "gsap": {
      "version": "file:gsap-bonus.tgz",
      "integrity": "sha512-oLlssFxGUg51O6HhneP6W03WinM4UBnT5l0A7SzG8+bVGf4qkRcZV1/+B4AGlHPHKlSTrMSdVd3/2sGTTMVQqg=="
    }
  }
}
