{
  "name": "codekit-project",
  "version": "1.0.0",
  "lockfileVersion": 1,
  "requires": true,
  "dependencies": {
    "gsap": {
      "version": "file:gsap-bonus.tgz",
      "integrity": "sha512-pDhbxDJeZreZORpBacsNwMkJZtmnqwxDU5knDfLIf1l3YIzUggiIe1P2bz5QHu2mK5giSE3qgoZl28JHBoogTQ=="
    }
  }
}
